// !$*UTF8*$!
{
	archiveVersion = 1;
	classes = {
	};
	objectVersion = 46;
	objects = {

/* Begin PBXBuildFile section */
		7A099D4C19E9ACB6009581E7 /* main.m in Sources */ = {isa = PBXBuildFile; fileRef = 7A099D4B19E9ACB6009581E7 /* main.m */; };
		7A099D4F19E9ACB6009581E7 /* AppDelegate.m in Sources */ = {isa = PBXBuildFile; fileRef = 7A099D4E19E9ACB6009581E7 /* AppDelegate.m */; };
		7A099D5219E9ACB6009581E7 /* CustomVCT.xcdatamodeld in Sources */ = {isa = PBXBuildFile; fileRef = 7A099D5019E9ACB6009581E7 /* CustomVCT.xcdatamodeld */; };
		7A099D5519E9ACB6009581E7 /* ViewController.m in Sources */ = {isa = PBXBuildFile; fileRef = 7A099D5419E9ACB6009581E7 /* ViewController.m */; };
		7A099D5819E9ACB6009581E7 /* Main.storyboard in Resources */ = {isa = PBXBuildFile; fileRef = 7A099D5619E9ACB6009581E7 /* Main.storyboard */; };
		7A099D5A19E9ACB6009581E7 /* Images.xcassets in Resources */ = {isa = PBXBuildFile; fileRef = 7A099D5919E9ACB6009581E7 /* Images.xcassets */; };
		7A099D5D19E9ACB6009581E7 /* LaunchScreen.xib in Resources */ = {isa = PBXBuildFile; fileRef = 7A099D5B19E9ACB6009581E7 /* LaunchScreen.xib */; };
		7A099D6919E9ACB6009581E7 /* CustomVCTTests.m in Sources */ = {isa = PBXBuildFile; fileRef = 7A099D6819E9ACB6009581E7 /* CustomVCTTests.m */; };
		7A099D7419E9AD9D009581E7 /* MenuViewController.m in Sources */ = {isa = PBXBuildFile; fileRef = 7A099D7319E9AD9D009581E7 /* MenuViewController.m */; };
		7A099D7719E9B85B009581E7 /* Ranimator.m in Sources */ = {isa = PBXBuildFile; fileRef = 7A099D7619E9B85B009581E7 /* Ranimator.m */; };
		7A506FAE19E9DC1200BDF95D /* DynamicAnimator.m in Sources */ = {isa = PBXBuildFile; fileRef = 7A506FAD19E9DC1200BDF95D /* DynamicAnimator.m */; };
/* End PBXBuildFile section */

/* Begin PBXContainerItemProxy section */
		7A099D6319E9ACB6009581E7 /* PBXContainerItemProxy */ = {
			isa = PBXContainerItemProxy;
			containerPortal = 7A099D3E19E9ACB6009581E7 /* Project object */;
			proxyType = 1;
			remoteGlobalIDString = 7A099D4519E9ACB6009581E7;
			remoteInfo = CustomVCT;
		};
/* End PBXContainerItemProxy section */

/* Begin PBXFileReference section */
		7A099D4619E9ACB6009581E7 /* CustomVCT.app */ = {isa = PBXFileReference; explicitFileType = wrapper.application; includeInIndex = 0; path = CustomVCT.app; sourceTree = BUILT_PRODUCTS_DIR; };
		7A099D4A19E9ACB6009581E7 /* Info.plist */ = {isa = PBXFileReference; lastKnownFileType = text.plist.xml; path = Info.plist; sourceTree = "<group>"; };
		7A099D4B19E9ACB6009581E7 /* main.m */ = {isa = PBXFileReference; lastKnownFileType = sourcecode.c.objc; path = main.m; sourceTree = "<group>"; };
		7A099D4D19E9ACB6009581E7 /* AppDelegate.h */ = {isa = PBXFileReference; lastKnownFileType = sourcecode.c.h; path = AppDelegate.h; sourceTree = "<group>"; };
		7A099D4E19E9ACB6009581E7 /* AppDelegate.m */ = {isa = PBXFileReference; lastKnownFileType = sourcecode.c.objc; path = AppDelegate.m; sourceTree = "<group>"; };
		7A099D5119E9ACB6009581E7 /* CustomVCT.xcdatamodel */ = {isa = PBXFileReference; lastKnownFileType = wrapper.xcdatamodel; path = CustomVCT.xcdatamodel; sourceTree = "<group>"; };
		7A099D5319E9ACB6009581E7 /* ViewController.h */ = {isa = PBXFileReference; lastKnownFileType = sourcecode.c.h; path = ViewController.h; sourceTree = "<group>"; };
		7A099D5419E9ACB6009581E7 /* ViewController.m */ = {isa = PBXFileReference; lastKnownFileType = sourcecode.c.objc; path = ViewController.m; sourceTree = "<group>"; };
		7A099D5719E9ACB6009581E7 /* Base */ = {isa = PBXFileReference; lastKnownFileType = file.storyboard; name = Base; path = Base.lproj/Main.storyboard; sourceTree = "<group>"; };
		7A099D5919E9ACB6009581E7 /* Images.xcassets */ = {isa = PBXFileReference; lastKnownFileType = folder.assetcatalog; path = Images.xcassets; sourceTree = "<group>"; };
		7A099D5C19E9ACB6009581E7 /* Base */ = {isa = PBXFileReference; lastKnownFileType = file.xib; name = Base; path = Base.lproj/LaunchScreen.xib; sourceTree = "<group>"; };
		7A099D6219E9ACB6009581E7 /* CustomVCTTests.xctest */ = {isa = PBXFileReference; explicitFileType = wrapper.cfbundle; includeInIndex = 0; path = CustomVCTTests.xctest; sourceTree = BUILT_PRODUCTS_DIR; };
		7A099D6719E9ACB6009581E7 /* Info.plist */ = {isa = PBXFileReference; lastKnownFileType = text.plist.xml; path = Info.plist; sourceTree = "<group>"; };
		7A099D6819E9ACB6009581E7 /* CustomVCTTests.m */ = {isa = PBXFileReference; lastKnownFileType = sourcecode.c.objc; path = CustomVCTTests.m; sourceTree = "<group>"; };
		7A099D7219E9AD9D009581E7 /* MenuViewController.h */ = {isa = PBXFileReference; fileEncoding = 4; lastKnownFileType = sourcecode.c.h; path = MenuViewController.h; sourceTree = "<group>"; };
		7A099D7319E9AD9D009581E7 /* MenuViewController.m */ = {isa = PBXFileReference; fileEncoding = 4; lastKnownFileType = sourcecode.c.objc; path = MenuViewController.m; sourceTree = "<group>"; };
		7A099D7519E9B85B009581E7 /* Ranimator.h */ = {isa = PBXFileReference; fileEncoding = 4; lastKnownFileType = sourcecode.c.h; path = Ranimator.h; sourceTree = "<group>"; };
		7A099D7619E9B85B009581E7 /* Ranimator.m */ = {isa = PBXFileReference; fileEncoding = 4; lastKnownFileType = sourcecode.c.objc; path = Ranimator.m; sourceTree = "<group>"; };
		7A506FAC19E9DC1200BDF95D /* DynamicAnimator.h */ = {isa = PBXFileReference; fileEncoding = 4; lastKnownFileType = sourcecode.c.h; path = DynamicAnimator.h; sourceTree = "<group>"; };
		7A506FAD19E9DC1200BDF95D /* DynamicAnimator.m */ = {isa = PBXFileReference; fileEncoding = 4; lastKnownFileType = sourcecode.c.objc; path = DynamicAnimator.m; sourceTree = "<group>"; };
/* End PBXFileReference section */

/* Begin PBXFrameworksBuildPhase section */
		7A099D4319E9ACB6009581E7 /* Frameworks */ = {
			isa = PBXFrameworksBuildPhase;
			buildActionMask = 2147483647;
			files = (
			);
			runOnlyForDeploymentPostprocessing = 0;
		};
		7A099D5F19E9ACB6009581E7 /* Frameworks */ = {
			isa = PBXFrameworksBuildPhase;
			buildActionMask = 2147483647;
			files = (
			);
			runOnlyForDeploymentPostprocessing = 0;
		};
/* End PBXFrameworksBuildPhase section */

/* Begin PBXGroup section */
		7A099D3D19E9ACB6009581E7 = {
			isa = PBXGroup;
			children = (
				7A099D4819E9ACB6009581E7 /* CustomVCT */,
				7A099D6519E9ACB6009581E7 /* CustomVCTTests */,
				7A099D4719E9ACB6009581E7 /* Products */,
			);
			sourceTree = "<group>";
		};
		7A099D4719E9ACB6009581E7 /* Products */ = {
			isa = PBXGroup;
			children = (
				7A099D4619E9ACB6009581E7 /* CustomVCT.app */,
				7A099D6219E9ACB6009581E7 /* CustomVCTTests.xctest */,
			);
			name = Products;
			sourceTree = "<group>";
		};
		7A099D4819E9ACB6009581E7 /* CustomVCT */ = {
			isa = PBXGroup;
			children = (
				7A099D4D19E9ACB6009581E7 /* AppDelegate.h */,
				7A099D4E19E9ACB6009581E7 /* AppDelegate.m */,
				7A099D5319E9ACB6009581E7 /* ViewController.h */,
				7A099D5419E9ACB6009581E7 /* ViewController.m */,
				7A506FAC19E9DC1200BDF95D /* DynamicAnimator.h */,
				7A506FAD19E9DC1200BDF95D /* DynamicAnimator.m */,
				7A099D7519E9B85B009581E7 /* Ranimator.h */,
				7A099D7619E9B85B009581E7 /* Ranimator.m */,
				7A099D5619E9ACB6009581E7 /* Main.storyboard */,
				7A099D7219E9AD9D009581E7 /* MenuViewController.h */,
				7A099D7319E9AD9D009581E7 /* MenuViewController.m */,
				7A099D5919E9ACB6009581E7 /* Images.xcassets */,
				7A099D5B19E9ACB6009581E7 /* LaunchScreen.xib */,
				7A099D5019E9ACB6009581E7 /* CustomVCT.xcdatamodeld */,
				7A099D4919E9ACB6009581E7 /* Supporting Files */,
			);
			path = CustomVCT;
			sourceTree = "<group>";
		};
		7A099D4919E9ACB6009581E7 /* Supporting Files */ = {
			isa = PBXGroup;
			children = (
				7A099D4A19E9ACB6009581E7 /* Info.plist */,
				7A099D4B19E9ACB6009581E7 /* main.m */,
			);
			name = "Supporting Files";
			sourceTree = "<group>";
		};
		7A099D6519E9ACB6009581E7 /* CustomVCTTests */ = {
			isa = PBXGroup;
			children = (
				7A099D6819E9ACB6009581E7 /* CustomVCTTests.m */,
				7A099D6619E9ACB6009581E7 /* Supporting Files */,
			);
			path = CustomVCTTests;
			sourceTree = "<group>";
		};
		7A099D6619E9ACB6009581E7 /* Supporting Files */ = {
			isa = PBXGroup;
			children = (
				7A099D6719E9ACB6009581E7 /* Info.plist */,
			);
			name = "Supporting Files";
			sourceTree = "<group>";
		};
/* End PBXGroup section */

/* Begin PBXNativeTarget section */
		7A099D4519E9ACB6009581E7 /* CustomVCT */ = {
			isa = PBXNativeTarget;
			buildConfigurationList = 7A099D6C19E9ACB6009581E7 /* Build configuration list for PBXNativeTarget "CustomVCT" */;
			buildPhases = (
				7A099D4219E9ACB6009581E7 /* Sources */,
				7A099D4319E9ACB6009581E7 /* Frameworks */,
				7A099D4419E9ACB6009581E7 /* Resources */,
			);
			buildRules = (
			);
			dependencies = (
			);
			name = CustomVCT;
			productName = CustomVCT;
			productReference = 7A099D4619E9ACB6009581E7 /* CustomVCT.app */;
			productType = "com.apple.product-type.application";
		};
		7A099D6119E9ACB6009581E7 /* CustomVCTTests */ = {
			isa = PBXNativeTarget;
			buildConfigurationList = 7A099D6F19E9ACB6009581E7 /* Build configuration list for PBXNativeTarget "CustomVCTTests" */;
			buildPhases = (
				7A099D5E19E9ACB6009581E7 /* Sources */,
				7A099D5F19E9ACB6009581E7 /* Frameworks */,
				7A099D6019E9ACB6009581E7 /* Resources */,
			);
			buildRules = (
			);
			dependencies = (
				7A099D6419E9ACB6009581E7 /* PBXTargetDependency */,
			);
			name = CustomVCTTests;
			productName = CustomVCTTests;
			productReference = 7A099D6219E9ACB6009581E7 /* CustomVCTTests.xctest */;
			productType = "com.apple.product-type.bundle.unit-test";
		};
/* End PBXNativeTarget section */

/* Begin PBXProject section */
		7A099D3E19E9ACB6009581E7 /* Project object */ = {
			isa = PBXProject;
			attributes = {
				LastUpgradeCheck = 0600;
				ORGANIZATIONNAME = "Robin's code kitchen";
				TargetAttributes = {
					7A099D4519E9ACB6009581E7 = {
						CreatedOnToolsVersion = 6.0.1;
					};
					7A099D6119E9ACB6009581E7 = {
						CreatedOnToolsVersion = 6.0.1;
						TestTargetID = 7A099D4519E9ACB6009581E7;
					};
				};
			};
			buildConfigurationList = 7A099D4119E9ACB6009581E7 /* Build configuration list for PBXProject "CustomVCT" */;
			compatibilityVersion = "Xcode 3.2";
			developmentRegion = English;
			hasScannedForEncodings = 0;
			knownRegions = (
				en,
				Base,
			);
			mainGroup = 7A099D3D19E9ACB6009581E7;
			productRefGroup = 7A099D4719E9ACB6009581E7 /* Products */;
			projectDirPath = "";
			projectRoot = "";
			targets = (
				7A099D4519E9ACB6009581E7 /* CustomVCT */,
				7A099D6119E9ACB6009581E7 /* CustomVCTTests */,
			);
		};
/* End PBXProject section */

/* Begin PBXResourcesBuildPhase section */
		7A099D4419E9ACB6009581E7 /* Resources */ = {
			isa = PBXResourcesBuildPhase;
			buildActionMask = 2147483647;
			files = (
				7A099D5819E9ACB6009581E7 /* Main.storyboard in Resources */,
				7A099D5D19E9ACB6009581E7 /* LaunchScreen.xib in Resources */,
				7A099D5A19E9ACB6009581E7 /* Images.xcassets in Resources */,
			);
			runOnlyForDeploymentPostprocessing = 0;
		};
		7A099D6019E9ACB6009581E7 /* Resources */ = {
			isa = PBXResourcesBuildPhase;
			buildActionMask = 2147483647;
			files = (
			);
			runOnlyForDeploymentPostprocessing = 0;
		};
/* End PBXResourcesBuildPhase section */

/* Begin PBXSourcesBuildPhase section */
		7A099D4219E9ACB6009581E7 /* Sources */ = {
			isa = PBXSourcesBuildPhase;
			buildActionMask = 2147483647;
			files = (
				7A099D4F19E9ACB6009581E7 /* AppDelegate.m in Sources */,
				7A099D4C19E9ACB6009581E7 /* main.m in Sources */,
				7A099D5519E9ACB6009581E7 /* ViewController.m in Sources */,
				7A099D5219E9ACB6009581E7 /* CustomVCT.xcdatamodeld in Sources */,
				7A099D7419E9AD9D009581E7 /* MenuViewController.m in Sources */,
				7A506FAE19E9DC1200BDF95D /* DynamicAnimator.m in Sources */,
				7A099D7719E9B85B009581E7 /* Ranimator.m in Sources */,
			);
			runOnlyForDeploymentPostprocessing = 0;
		};
		7A099D5E19E9ACB6009581E7 /* Sources */ = {
			isa = PBXSourcesBuildPhase;
			buildActionMask = 2147483647;
			files = (
				7A099D6919E9ACB6009581E7 /* CustomVCTTests.m in Sources */,
			);
			runOnlyForDeploymentPostprocessing = 0;
		};
/* End PBXSourcesBuildPhase section */

/* Begin PBXTargetDependency section */
		7A099D6419E9ACB6009581E7 /* PBXTargetDependency */ = {
			isa = PBXTargetDependency;
			target = 7A099D4519E9ACB6009581E7 /* CustomVCT */;
			targetProxy = 7A099D6319E9ACB6009581E7 /* PBXContainerItemProxy */;
		};
/* End PBXTargetDependency section */

/* Begin PBXVariantGroup section */
		7A099D5619E9ACB6009581E7 /* Main.storyboard */ = {
			isa = PBXVariantGroup;
			children = (
				7A099D5719E9ACB6009581E7 /* Base */,
			);
			name = Main.storyboard;
			sourceTree = "<group>";
		};
		7A099D5B19E9ACB6009581E7 /* LaunchScreen.xib */ = {
			isa = PBXVariantGroup;
			children = (
				7A099D5C19E9ACB6009581E7 /* Base */,
			);
			name = LaunchScreen.xib;
			sourceTree = "<group>";
		};
/* End PBXVariantGroup section */

/* Begin XCBuildConfiguration section */
		7A099D6A19E9ACB6009581E7 /* Debug */ = {
			isa = XCBuildConfiguration;
			buildSettings = {
				ALWAYS_SEARCH_USER_PATHS = NO;
				CLANG_CXX_LANGUAGE_STANDARD = "gnu++0x";
				CLANG_CXX_LIBRARY = "libc++";
				CLANG_ENABLE_MODULES = YES;
				CLANG_ENABLE_OBJC_ARC = YES;
				CLANG_WARN_BOOL_CONVERSION = YES;
				CLANG_WARN_CONSTANT_CONVERSION = YES;
				CLANG_WARN_DIRECT_OBJC_ISA_USAGE = YES_ERROR;
				CLANG_WARN_EMPTY_BODY = YES;
				CLANG_WARN_ENUM_CONVERSION = YES;
				CLANG_WARN_INT_CONVERSION = YES;
				CLANG_WARN_OBJC_ROOT_CLASS = YES_ERROR;
				CLANG_WARN_UNREACHABLE_CODE = YES;
				CLANG_WARN__DUPLICATE_METHOD_MATCH = YES;
				"CODE_SIGN_IDENTITY[sdk=iphoneos*]" = "iPhone Developer";
				COPY_PHASE_STRIP = NO;
				ENABLE_STRICT_OBJC_MSGSEND = YES;
				GCC_C_LANGUAGE_STANDARD = gnu99;
				GCC_DYNAMIC_NO_PIC = NO;
				GCC_OPTIMIZATION_LEVEL = 0;
				GCC_PREPROCESSOR_DEFINITIONS = (
					"DEBUG=1",
					"$(inherited)",
				);
				GCC_SYMBOLS_PRIVATE_EXTERN = NO;
				GCC_WARN_64_TO_32_BIT_CONVERSION = YES;
				GCC_WARN_ABOUT_RETURN_TYPE = YES_ERROR;
				GCC_WARN_UNDECLARED_SELECTOR = YES;
				GCC_WARN_UNINITIALIZED_AUTOS = YES_AGGRESSIVE;
				GCC_WARN_UNUSED_FUNCTION = YES;
				GCC_WARN_UNUSED_VARIABLE = YES;
				IPHONEOS_DEPLOYMENT_TARGET = 8.0;
				MTL_ENABLE_DEBUG_INFO = YES;
				ONLY_ACTIVE_ARCH = YES;
				SDKROOT = iphoneos;
			};
			name = Debug;
		};
		7A099D6B19E9ACB6009581E7 /* Release */ = {
			isa = XCBuildConfiguration;
			buildSettings = {
				ALWAYS_SEARCH_USER_PATHS = NO;
				CLANG_CXX_LANGUAGE_STANDARD = "gnu++0x";
				CLANG_CXX_LIBRARY = "libc++";
				CLANG_ENABLE_MODULES = YES;
				CLANG_ENABLE_OBJC_ARC = YES;
				CLANG_WARN_BOOL_CONVERSION = YES;
				CLANG_WARN_CONSTANT_CONVERSION = YES;
				CLANG_WARN_DIRECT_OBJC_ISA_USAGE = YES_ERROR;
				CLANG_WARN_EMPTY_BODY = YES;
				CLANG_WARN_ENUM_CONVERSION = YES;
				CLANG_WARN_INT_CONVERSION = YES;
				CLANG_WARN_OBJC_ROOT_CLASS = YES_ERROR;
				CLANG_WARN_UNREACHABLE_CODE = YES;
				CLANG_WARN__DUPLICATE_METHOD_MATCH = YES;
				"CODE_SIGN_IDENTITY[sdk=iphoneos*]" = "iPhone Developer";
				COPY_PHASE_STRIP = YES;
				ENABLE_NS_ASSERTIONS = NO;
				ENABLE_STRICT_OBJC_MSGSEND = YES;
				GCC_C_LANGUAGE_STANDARD = gnu99;
				GCC_WARN_64_TO_32_BIT_CONVERSION = YES;
				GCC_WARN_ABOUT_RETURN_TYPE = YES_ERROR;
				GCC_WARN_UNDECLARED_SELECTOR = YES;
				GCC_WARN_UNINITIALIZED_AUTOS = YES_AGGRESSIVE;
				GCC_WARN_UNUSED_FUNCTION = YES;
				GCC_WARN_UNUSED_VARIABLE = YES;
				IPHONEOS_DEPLOYMENT_TARGET = 8.0;
				MTL_ENABLE_DEBUG_INFO = NO;
				SDKROOT = iphoneos;
				VALIDATE_PRODUCT = YES;
			};
			name = Release;
		};
		7A099D6D19E9ACB6009581E7 /* Debug */ = {
			isa = XCBuildConfiguration;
			buildSettings = {
				ASSETCATALOG_COMPILER_APPICON_NAME = AppIcon;
				INFOPLIST_FILE = CustomVCT/Info.plist;
				LD_RUNPATH_SEARCH_PATHS = "$(inherited) @executable_path/Frameworks";
				PRODUCT_NAME = "$(TARGET_NAME)";
			};
			name = Debug;
		};
		7A099D6E19E9ACB6009581E7 /* Release */ = {
			isa = XCBuildConfiguration;
			buildSettings = {
				ASSETCATALOG_COMPILER_APPICON_NAME = AppIcon;
				INFOPLIST_FILE = CustomVCT/Info.plist;
				LD_RUNPATH_SEARCH_PATHS = "$(inherited) @executable_path/Frameworks";
				PRODUCT_NAME = "$(TARGET_NAME)";
			};
			name = Release;
		};
		7A099D7019E9ACB6009581E7 /* Debug */ = {
			isa = XCBuildConfiguration;
			buildSettings = {
				BUNDLE_LOADER = "$(TEST_HOST)";
				FRAMEWORK_SEARCH_PATHS = (
					"$(SDKROOT)/Developer/Library/Frameworks",
					"$(inherited)",
				);
				GCC_PREPROCESSOR_DEFINITIONS = (
					"DEBUG=1",
					"$(inherited)",
				);
				INFOPLIST_FILE = CustomVCTTests/Info.plist;
				LD_RUNPATH_SEARCH_PATHS = "$(inherited) @executable_path/Frameworks @loader_path/Frameworks";
				PRODUCT_NAME = "$(TARGET_NAME)";
				TEST_HOST = "$(BUILT_PRODUCTS_DIR)/CustomVCT.app/CustomVCT";
			};
			name = Debug;
		};
		7A099D7119E9ACB6009581E7 /* Release */ = {
			isa = XCBuildConfiguration;
			buildSettings = {
				BUNDLE_LOADER = "$(TEST_HOST)";
				FRAMEWORK_SEARCH_PATHS = (
					"$(SDKROOT)/Developer/Library/Frameworks",
					"$(inherited)",
				);
				INFOPLIST_FILE = CustomVCTTests/Info.plist;
				LD_RUNPATH_SEARCH_PATHS = "$(inherited) @executable_path/Frameworks @loader_path/Frameworks";
				PRODUCT_NAME = "$(TARGET_NAME)";
				TEST_HOST = "$(BUILT_PRODUCTS_DIR)/CustomVCT.app/CustomVCT";
			};
			name = Release;
		};
/* End XCBuildConfiguration section */

/* Begin XCConfigurationList section */
		7A099D4119E9ACB6009581E7 /* Build configuration list for PBXProject "CustomVCT" */ = {
			isa = XCConfigurationList;
			buildConfigurations = (
				7A099D6A19E9ACB6009581E7 /* Debug */,
				7A099D6B19E9ACB6009581E7 /* Release */,
			);
			defaultConfigurationIsVisible = 0;
			defaultConfigurationName = Release;
		};
		7A099D6C19E9ACB6009581E7 /* Build configuration list for PBXNativeTarget "CustomVCT" */ = {
			isa = XCConfigurationList;
			buildConfigurations = (
				7A099D6D19E9ACB6009581E7 /* Debug */,
				7A099D6E19E9ACB6009581E7 /* Release */,
			);
			defaultConfigurationIsVisible = 0;
			defaultConfigurationName = Release;
		};
		7A099D6F19E9ACB6009581E7 /* Build configuration list for PBXNativeTarget "CustomVCTTests" */ = {
			isa = XCConfigurationList;
			buildConfigurations = (
				7A099D7019E9ACB6009581E7 /* Debug */,
				7A099D7119E9ACB6009581E7 /* Release */,
			);
			defaultConfigurationIsVisible = 0;
			defaultConfigurationName = Release;
		};
/* End XCConfigurationList section */

/* Begin XCVersionGroup section */
		7A099D5019E9ACB6009581E7 /* CustomVCT.xcdatamodeld */ = {
			isa = XCVersionGroup;
			children = (
				7A099D5119E9ACB6009581E7 /* CustomVCT.xcdatamodel */,
			);
			currentVersion = 7A099D5119E9ACB6009581E7 /* CustomVCT.xcdatamodel */;
			path = CustomVCT.xcdatamodeld;
			sourceTree = "<group>";
			versionGroupType = wrapper.xcdatamodel;
		};
/* End XCVersionGroup section */
	};
	rootObject = 7A099D3E19E9ACB6009581E7 /* Project object */;
}
